{
  "name": "JavascriptParaEstudiantes",
  "lockfileVersion": 2,
  "requires": true,
  "packages": {
    "": {
      "dependencies": {
        "color-hash": "^2.0.2",
        "colors": "^1.4.0",
        "node-typescript": "^0.1.3",
        "package": "^1.0.1"
      },
      "devDependencies": {
        "typescript": "^4.9.5"
      }
    },
    "node_modules/color-hash": {
      "version": "2.0.2",
      "resolved": "https://registry.npmjs.org/color-hash/-/color-hash-2.0.2.tgz",
      "integrity": "sha512-6exeENAqBTuIR1wIo36mR8xVVBv6l1hSLd7Qmvf6158Ld1L15/dbahR9VUOiX7GmGJBCnQyS0EY+I8x+wa7egg=="
    },
    "node_modules/colors": {
      "version": "1.4.0",
      "resolved": "https://registry.npmjs.org/colors/-/colors-1.4.0.tgz",
      "integrity": "sha512-a+UqTh4kgZg/SlGvfbzDHpgRu7AAQOmmqRHJnxhRZICKFUT91brVhNNt58CMWU9PsBbv3PDCZUHbVxuDiH2mtA==",
      "engines": {
        "node": ">=0.1.90"
      }
    },
    "node_modules/node-typescript": {
      "version": "0.1.3",
      "resolved": "https://registry.npmjs.org/node-typescript/-/node-typescript-0.1.3.tgz",
      "integrity": "sha512-EK34kMXvdXsVvtzLZVQN3ORdLTQCG0gSnhkQOF8vzrO8beXoXqIUNAGACF9c6N5LDDzEdM8YCXFjbuCE8Mz1Jg==",
      "dependencies": {
        "typescript": "0.8.3"
      },
      "engines": {
        "node": "0.8.x"
      }
    },
    "node_modules/node-typescript/node_modules/typescript": {
      "version": "0.8.3",
      "resolved": "https://registry.npmjs.org/typescript/-/typescript-0.8.3.tgz",
      "integrity": "sha512-42GP2FBgk+/q8Y0MRt0vJoWx6I7ADAKBTnz7gK++gwQtzC3h54Yltqb8z+EFozZ4OHhz6uwLmXFthCn4oDOGxg==",
      "bin": {
        "tsc": "bin/tsc"
      },
      "engines": {
        "node": ">=0.8.0"
      }
    },
    "node_modules/package": {
      "version": "1.0.1",
      "resolved": "https://registry.npmjs.org/package/-/package-1.0.1.tgz",
      "integrity": "sha512-g6xZR6CO7okjie83sIRJodgGvaXqymfE5GLhN8N2TmZGShmHc/V23hO/vWbdnuy3D81As3pfovw72gGi42l9qA==",
      "engines": {
        "node": ">= 0.6.0"
      }
    },
    "node_modules/typescript": {
      "version": "4.9.5",
      "resolved": "https://registry.npmjs.org/typescript/-/typescript-4.9.5.tgz",
      "integrity": "sha512-1FXk9E2Hm+QzZQ7z+McJiHL4NW1F2EzMu9Nq9i3zAaGqibafqYwCVU6WyWAuyQRRzOlxou8xZSyXLEN8oKj24g==",
      "dev": true,
      "bin": {
        "tsc": "bin/tsc",
        "tsserver": "bin/tsserver"
      },
      "engines": {
        "node": ">=4.2.0"
      }
    }
  },
  "dependencies": {
    "color-hash": {
      "version": "2.0.2",
      "resolved": "https://registry.npmjs.org/color-hash/-/color-hash-2.0.2.tgz",
      "integrity": "sha512-6exeENAqBTuIR1wIo36mR8xVVBv6l1hSLd7Qmvf6158Ld1L15/dbahR9VUOiX7GmGJBCnQyS0EY+I8x+wa7egg=="
    },
    "colors": {
      "version": "1.4.0",
      "resolved": "https://registry.npmjs.org/colors/-/colors-1.4.0.tgz",
      "integrity": "sha512-a+UqTh4kgZg/SlGvfbzDHpgRu7AAQOmmqRHJnxhRZICKFUT91brVhNNt58CMWU9PsBbv3PDCZUHbVxuDiH2mtA=="
    },
    "node-typescript": {
      "version": "0.1.3",
      "resolved": "https://registry.npmjs.org/node-typescript/-/node-typescript-0.1.3.tgz",
      "integrity": "sha512-EK34kMXvdXsVvtzLZVQN3ORdLTQCG0gSnhkQOF8vzrO8beXoXqIUNAGACF9c6N5LDDzEdM8YCXFjbuCE8Mz1Jg==",
      "requires": {
        "typescript": "0.8.3"
      },
      "dependencies": {
        "typescript": {
          "version": "0.8.3",
          "resolved": "https://registry.npmjs.org/typescript/-/typescript-0.8.3.tgz",
          "integrity": "sha512-42GP2FBgk+/q8Y0MRt0vJoWx6I7ADAKBTnz7gK++gwQtzC3h54Yltqb8z+EFozZ4OHhz6uwLmXFthCn4oDOGxg=="
        }
      }
    },
    "package": {
      "version": "1.0.1",
      "resolved": "https://registry.npmjs.org/package/-/package-1.0.1.tgz",
      "integrity": "sha512-g6xZR6CO7okjie83sIRJodgGvaXqymfE5GLhN8N2TmZGShmHc/V23hO/vWbdnuy3D81As3pfovw72gGi42l9qA=="
    },
    "typescript": {
      "version": "4.9.5",
      "resolved": "https://registry.npmjs.org/typescript/-/typescript-4.9.5.tgz",
      "integrity": "sha512-1FXk9E2Hm+QzZQ7z+McJiHL4NW1F2EzMu9Nq9i3zAaGqibafqYwCVU6WyWAuyQRRzOlxou8xZSyXLEN8oKj24g==",
      "dev": true
    }
  }
}
